
Microsoft Visual Studio Solution File, Format Version 12.00
# Visual Studio Version 16
VisualStudioVersion = 16.0.31005.135
MinimumVisualStudioVersion = 10.0.40219.1
Project("{FAE04EC0-301F-11D3-BF4B-00C04F79EFBC}") = "ClassMetotDemo", "ClassMetotDemo.csproj", "{908B790A-1D17-4AFA-AC8A-D23EF9B70885}"
EndProject
Global
	GlobalSection(SolutionConfigurationPlatforms) = preSolution
		Debug|Any CPU = Debug|Any CPU
		Release|Any CPU = Release|Any CPU
	EndGlobalSection
	GlobalSection(ProjectConfigurationPlatforms) = postSolution
		{908B790A-1D17-4AFA-AC8A-D23EF9B70885}.Debug|Any CPU.ActiveCfg = Debug|Any CPU
		{908B790A-1D17-4AFA-AC8A-D23EF9B70885}.Debug|Any CPU.Build.0 = Debug|Any CPU
		{908B790A-1D17-4AFA-AC8A-D23EF9B70885}.Release|Any CPU.ActiveCfg = Release|Any CPU
		{908B790A-1D17-4AFA-AC8A-D23EF9B70885}.Release|Any CPU.Build.0 = Release|Any CPU
	EndGlobalSection
	GlobalSection(SolutionProperties) = preSolution
		HideSolutionNode = FALSE
	EndGlobalSection
	GlobalSection(ExtensibilityGlobals) = postSolution
		SolutionGuid = {3FB7A745-93E1-4B51-A242-27DE6F1F3C04}
	EndGlobalSection
EndGlobal
